// !$*UTF8*$!
{
	archiveVersion = 1;
	classes = {
	};
	objectVersion = 50;
	objects = {

/* Begin PBXBuildFile section */
		70C844A6221986E700E76683 /* AppDelegate.swift in Sources */ = {isa = PBXBuildFile; fileRef = 70C844A5221986E700E76683 /* AppDelegate.swift */; };
		70C844A8221986E700E76683 /* ViewController.swift in Sources */ = {isa = PBXBuildFile; fileRef = 70C844A7221986E700E76683 /* ViewController.swift */; };
		70C844AD221986E800E76683 /* Assets.xcassets in Resources */ = {isa = PBXBuildFile; fileRef = 70C844AC221986E800E76683 /* Assets.xcassets */; };
		70C844B0221986E800E76683 /* LaunchScreen.storyboard in Resources */ = {isa = PBXBuildFile; fileRef = 70C844AE221986E800E76683 /* LaunchScreen.storyboard */; };
		70C844BE2219874300E76683 /* UXSketchLabelTests.swift in Sources */ = {isa = PBXBuildFile; fileRef = 70C844BD2219874300E76683 /* UXSketchLabelTests.swift */; };
		70C8450122198A8D00E76683 /* HelveticaNeue.ttc in Resources */ = {isa = PBXBuildFile; fileRef = 70C844EF22198A8D00E76683 /* HelveticaNeue.ttc */; };
		70E5F8A2221A13FB0012C64A /* FontFactory.swift in Sources */ = {isa = PBXBuildFile; fileRef = 70E5F8A1221A13FB0012C64A /* FontFactory.swift */; };
		70E5F8A4221A18660012C64A /* BaselinePredictions.swift in Sources */ = {isa = PBXBuildFile; fileRef = 70E5F8A3221A18660012C64A /* BaselinePredictions.swift */; };
		70E5F8A6221A186C0012C64A /* PredictionVerifier.swift in Sources */ = {isa = PBXBuildFile; fileRef = 70E5F8A5221A186C0012C64A /* PredictionVerifier.swift */; };
		70E5F8B6221A24490012C64A /* SanFrancisco-Text.otf in Resources */ = {isa = PBXBuildFile; fileRef = 70E5F8B5221A24490012C64A /* SanFrancisco-Text.otf */; };
		70E5F8B8221A244F0012C64A /* SanFrancisco-Display.otf in Resources */ = {isa = PBXBuildFile; fileRef = 70E5F8B7221A244F0012C64A /* SanFrancisco-Display.otf */; };
		70E5F8BA221A24550012C64A /* Lato.ttf in Resources */ = {isa = PBXBuildFile; fileRef = 70E5F8B9221A24550012C64A /* Lato.ttf */; };
		70FCC159221A35DE0071E7A9 /* Lato-BaselineExplicit.csv in Resources */ = {isa = PBXBuildFile; fileRef = 70FCC14A221A35DE0071E7A9 /* Lato-BaselineExplicit.csv */; };
		70FCC15A221A35DE0071E7A9 /* SanFrancisco-Display-BaselineNatural.csv in Resources */ = {isa = PBXBuildFile; fileRef = 70FCC14B221A35DE0071E7A9 /* SanFrancisco-Display-BaselineNatural.csv */; };
		70FCC15B221A35DE0071E7A9 /* HelveticaNeue-BaselineExplicit.csv in Resources */ = {isa = PBXBuildFile; fileRef = 70FCC14C221A35DE0071E7A9 /* HelveticaNeue-BaselineExplicit.csv */; };
		70FCC15C221A35DE0071E7A9 /* SanFrancisco-Text-BaselineNatural.csv in Resources */ = {isa = PBXBuildFile; fileRef = 70FCC14D221A35DE0071E7A9 /* SanFrancisco-Text-BaselineNatural.csv */; };
		70FCC15D221A35DE0071E7A9 /* Lato-LineHeight.csv in Resources */ = {isa = PBXBuildFile; fileRef = 70FCC14E221A35DE0071E7A9 /* Lato-LineHeight.csv */; };
		70FCC15E221A35DE0071E7A9 /* Lato-BaselineNatural.csv in Resources */ = {isa = PBXBuildFile; fileRef = 70FCC14F221A35DE0071E7A9 /* Lato-BaselineNatural.csv */; };
		70FCC15F221A35DE0071E7A9 /* SanFrancisco-Display-BaselineExplicit.csv in Resources */ = {isa = PBXBuildFile; fileRef = 70FCC150221A35DE0071E7A9 /* SanFrancisco-Display-BaselineExplicit.csv */; };
		70FCC162221A35DE0071E7A9 /* HelveticaNeue-BaselineNatural.csv in Resources */ = {isa = PBXBuildFile; fileRef = 70FCC153221A35DE0071E7A9 /* HelveticaNeue-BaselineNatural.csv */; };
		70FCC163221A35DE0071E7A9 /* SanFrancisco-Display-LineHeight.csv in Resources */ = {isa = PBXBuildFile; fileRef = 70FCC154221A35DE0071E7A9 /* SanFrancisco-Display-LineHeight.csv */; };
		70FCC164221A35DE0071E7A9 /* SanFrancisco-Text-BaselineExplicit.csv in Resources */ = {isa = PBXBuildFile; fileRef = 70FCC155221A35DE0071E7A9 /* SanFrancisco-Text-BaselineExplicit.csv */; };
		70FCC166221A35DE0071E7A9 /* HelveticaNeue-LineHeight.csv in Resources */ = {isa = PBXBuildFile; fileRef = 70FCC157221A35DE0071E7A9 /* HelveticaNeue-LineHeight.csv */; };
		70FCC167221A35DE0071E7A9 /* SanFrancisco-Text-LineHeight.csv in Resources */ = {isa = PBXBuildFile; fileRef = 70FCC158221A35DE0071E7A9 /* SanFrancisco-Text-LineHeight.csv */; };
/* End PBXBuildFile section */

/* Begin PBXFileReference section */
		70C844A2221986E700E76683 /* UXSketchLabel.app */ = {isa = PBXFileReference; explicitFileType = wrapper.application; includeInIndex = 0; path = UXSketchLabel.app; sourceTree = BUILT_PRODUCTS_DIR; };
		70C844A5221986E700E76683 /* AppDelegate.swift */ = {isa = PBXFileReference; lastKnownFileType = sourcecode.swift; path = AppDelegate.swift; sourceTree = "<group>"; };
		70C844A7221986E700E76683 /* ViewController.swift */ = {isa = PBXFileReference; lastKnownFileType = sourcecode.swift; path = ViewController.swift; sourceTree = "<group>"; };
		70C844AC221986E800E76683 /* Assets.xcassets */ = {isa = PBXFileReference; lastKnownFileType = folder.assetcatalog; path = Assets.xcassets; sourceTree = "<group>"; };
		70C844AF221986E800E76683 /* Base */ = {isa = PBXFileReference; lastKnownFileType = file.storyboard; name = Base; path = Base.lproj/LaunchScreen.storyboard; sourceTree = "<group>"; };
		70C844B1221986E800E76683 /* Info.plist */ = {isa = PBXFileReference; lastKnownFileType = text.plist.xml; path = Info.plist; sourceTree = "<group>"; };
		70C844BB2219874300E76683 /* UXSketchLabelTests.xctest */ = {isa = PBXFileReference; explicitFileType = wrapper.cfbundle; includeInIndex = 0; path = UXSketchLabelTests.xctest; sourceTree = BUILT_PRODUCTS_DIR; };
		70C844BD2219874300E76683 /* UXSketchLabelTests.swift */ = {isa = PBXFileReference; lastKnownFileType = sourcecode.swift; path = UXSketchLabelTests.swift; sourceTree = "<group>"; };
		70C844BF2219874300E76683 /* Info.plist */ = {isa = PBXFileReference; lastKnownFileType = text.plist.xml; path = Info.plist; sourceTree = "<group>"; };
		70C844EF22198A8D00E76683 /* HelveticaNeue.ttc */ = {isa = PBXFileReference; lastKnownFileType = file; path = HelveticaNeue.ttc; sourceTree = "<group>"; };
		70E5F8A1221A13FB0012C64A /* FontFactory.swift */ = {isa = PBXFileReference; lastKnownFileType = sourcecode.swift; path = FontFactory.swift; sourceTree = "<group>"; };
		70E5F8A3221A18660012C64A /* BaselinePredictions.swift */ = {isa = PBXFileReference; lastKnownFileType = sourcecode.swift; path = BaselinePredictions.swift; sourceTree = "<group>"; };
		70E5F8A5221A186C0012C64A /* PredictionVerifier.swift */ = {isa = PBXFileReference; lastKnownFileType = sourcecode.swift; path = PredictionVerifier.swift; sourceTree = "<group>"; };
		70E5F8B5221A24490012C64A /* SanFrancisco-Text.otf */ = {isa = PBXFileReference; lastKnownFileType = file; path = "SanFrancisco-Text.otf"; sourceTree = "<group>"; };
		70E5F8B7221A244F0012C64A /* SanFrancisco-Display.otf */ = {isa = PBXFileReference; lastKnownFileType = file; path = "SanFrancisco-Display.otf"; sourceTree = "<group>"; };
		70E5F8B9221A24550012C64A /* Lato.ttf */ = {isa = PBXFileReference; lastKnownFileType = file; path = Lato.ttf; sourceTree = "<group>"; };
		70FCC14A221A35DE0071E7A9 /* Lato-BaselineExplicit.csv */ = {isa = PBXFileReference; fileEncoding = 4; lastKnownFileType = text; path = "Lato-BaselineExplicit.csv"; sourceTree = "<group>"; };
		70FCC14B221A35DE0071E7A9 /* SanFrancisco-Display-BaselineNatural.csv */ = {isa = PBXFileReference; fileEncoding = 4; lastKnownFileType = text; path = "SanFrancisco-Display-BaselineNatural.csv"; sourceTree = "<group>"; };
		70FCC14C221A35DE0071E7A9 /* HelveticaNeue-BaselineExplicit.csv */ = {isa = PBXFileReference; fileEncoding = 4; lastKnownFileType = text; path = "HelveticaNeue-BaselineExplicit.csv"; sourceTree = "<group>"; };
		70FCC14D221A35DE0071E7A9 /* SanFrancisco-Text-BaselineNatural.csv */ = {isa = PBXFileReference; fileEncoding = 4; lastKnownFileType = text; path = "SanFrancisco-Text-BaselineNatural.csv"; sourceTree = "<group>"; };
		70FCC14E221A35DE0071E7A9 /* Lato-LineHeight.csv */ = {isa = PBXFileReference; fileEncoding = 4; lastKnownFileType = text; path = "Lato-LineHeight.csv"; sourceTree = "<group>"; };
		70FCC14F221A35DE0071E7A9 /* Lato-BaselineNatural.csv */ = {isa = PBXFileReference; fileEncoding = 4; lastKnownFileType = text; path = "Lato-BaselineNatural.csv"; sourceTree = "<group>"; };
		70FCC150221A35DE0071E7A9 /* SanFrancisco-Display-BaselineExplicit.csv */ = {isa = PBXFileReference; fileEncoding = 4; lastKnownFileType = text; path = "SanFrancisco-Display-BaselineExplicit.csv"; sourceTree = "<group>"; };
		70FCC153221A35DE0071E7A9 /* HelveticaNeue-BaselineNatural.csv */ = {isa = PBXFileReference; fileEncoding = 4; lastKnownFileType = text; path = "HelveticaNeue-BaselineNatural.csv"; sourceTree = "<group>"; };
		70FCC154221A35DE0071E7A9 /* SanFrancisco-Display-LineHeight.csv */ = {isa = PBXFileReference; fileEncoding = 4; lastKnownFileType = text; path = "SanFrancisco-Display-LineHeight.csv"; sourceTree = "<group>"; };
		70FCC155221A35DE0071E7A9 /* SanFrancisco-Text-BaselineExplicit.csv */ = {isa = PBXFileReference; fileEncoding = 4; lastKnownFileType = text; path = "SanFrancisco-Text-BaselineExplicit.csv"; sourceTree = "<group>"; };
		70FCC157221A35DE0071E7A9 /* HelveticaNeue-LineHeight.csv */ = {isa = PBXFileReference; fileEncoding = 4; lastKnownFileType = text; path = "HelveticaNeue-LineHeight.csv"; sourceTree = "<group>"; };
		70FCC158221A35DE0071E7A9 /* SanFrancisco-Text-LineHeight.csv */ = {isa = PBXFileReference; fileEncoding = 4; lastKnownFileType = text; path = "SanFrancisco-Text-LineHeight.csv"; sourceTree = "<group>"; };
/* End PBXFileReference section */

/* Begin PBXFrameworksBuildPhase section */
		70C8449F221986E700E76683 /* Frameworks */ = {
			isa = PBXFrameworksBuildPhase;
			buildActionMask = 2147483647;
			files = (
			);
			runOnlyForDeploymentPostprocessing = 0;
		};
		70C844B82219874300E76683 /* Frameworks */ = {
			isa = PBXFrameworksBuildPhase;
			buildActionMask = 2147483647;
			files = (
			);
			runOnlyForDeploymentPostprocessing = 0;
		};
/* End PBXFrameworksBuildPhase section */

/* Begin PBXGroup section */
		70C84499221986E700E76683 = {
			isa = PBXGroup;
			children = (
				70C844A4221986E700E76683 /* Sources */,
				70C844C42219878E00E76683 /* Other */,
				70C844ED22198A8D00E76683 /* Fonts */,
				70E5F8A9221A23190012C64A /* Data */,
				70C844BC2219874300E76683 /* Tests */,
				70C844A3221986E700E76683 /* Products */,
			);
			sourceTree = "<group>";
		};
		70C844A3221986E700E76683 /* Products */ = {
			isa = PBXGroup;
			children = (
				70C844A2221986E700E76683 /* UXSketchLabel.app */,
				70C844BB2219874300E76683 /* UXSketchLabelTests.xctest */,
			);
			name = Products;
			sourceTree = "<group>";
		};
		70C844A4221986E700E76683 /* Sources */ = {
			isa = PBXGroup;
			children = (
				70C844A5221986E700E76683 /* AppDelegate.swift */,
				70C844A7221986E700E76683 /* ViewController.swift */,
			);
			path = Sources;
			sourceTree = "<group>";
		};
		70C844BC2219874300E76683 /* Tests */ = {
			isa = PBXGroup;
			children = (
				70C844BD2219874300E76683 /* UXSketchLabelTests.swift */,
				70E5F8A3221A18660012C64A /* BaselinePredictions.swift */,
				70E5F8A1221A13FB0012C64A /* FontFactory.swift */,
				70E5F8A5221A186C0012C64A /* PredictionVerifier.swift */,
				70C844BF2219874300E76683 /* Info.plist */,
			);
			path = Tests;
			sourceTree = "<group>";
		};
		70C844C42219878E00E76683 /* Other */ = {
			isa = PBXGroup;
			children = (
				70C844B1221986E800E76683 /* Info.plist */,
				70C844AC221986E800E76683 /* Assets.xcassets */,
				70C844AE221986E800E76683 /* LaunchScreen.storyboard */,
			);
			path = Other;
			sourceTree = "<group>";
		};
		70C844ED22198A8D00E76683 /* Fonts */ = {
			isa = PBXGroup;
			children = (
				70C844EF22198A8D00E76683 /* HelveticaNeue.ttc */,
				70E5F8B5221A24490012C64A /* SanFrancisco-Text.otf */,
				70E5F8B7221A244F0012C64A /* SanFrancisco-Display.otf */,
				70E5F8B9221A24550012C64A /* Lato.ttf */,
			);
			path = Fonts;
			sourceTree = "<group>";
		};
		70E5F8A9221A23190012C64A /* Data */ = {
			isa = PBXGroup;
			children = (
				70FCC157221A35DE0071E7A9 /* HelveticaNeue-LineHeight.csv */,
				70FCC153221A35DE0071E7A9 /* HelveticaNeue-BaselineNatural.csv */,
				70FCC14C221A35DE0071E7A9 /* HelveticaNeue-BaselineExplicit.csv */,
				70FCC158221A35DE0071E7A9 /* SanFrancisco-Text-LineHeight.csv */,
				70FCC14D221A35DE0071E7A9 /* SanFrancisco-Text-BaselineNatural.csv */,
				70FCC155221A35DE0071E7A9 /* SanFrancisco-Text-BaselineExplicit.csv */,
				70FCC154221A35DE0071E7A9 /* SanFrancisco-Display-LineHeight.csv */,
				70FCC14B221A35DE0071E7A9 /* SanFrancisco-Display-BaselineNatural.csv */,
				70FCC150221A35DE0071E7A9 /* SanFrancisco-Display-BaselineExplicit.csv */,
				70FCC14E221A35DE0071E7A9 /* Lato-LineHeight.csv */,
				70FCC14F221A35DE0071E7A9 /* Lato-BaselineNatural.csv */,
				70FCC14A221A35DE0071E7A9 /* Lato-BaselineExplicit.csv */,
			);
			path = Data;
			sourceTree = "<group>";
		};
/* End PBXGroup section */

/* Begin PBXNativeTarget section */
		70C844A1221986E700E76683 /* UXSketchLabel */ = {
			isa = PBXNativeTarget;
			buildConfigurationList = 70C844B4221986E800E76683 /* Build configuration list for PBXNativeTarget "UXSketchLabel" */;
			buildPhases = (
				70C8449E221986E700E76683 /* Sources */,
				70C8449F221986E700E76683 /* Frameworks */,
				70C844A0221986E700E76683 /* Resources */,
			);
			buildRules = (
			);
			dependencies = (
			);
			name = UXSketchLabel;
			productName = UXSketchLabel;
			productReference = 70C844A2221986E700E76683 /* UXSketchLabel.app */;
			productType = "com.apple.product-type.application";
		};
		70C844BA2219874300E76683 /* UXSketchLabelTests */ = {
			isa = PBXNativeTarget;
			buildConfigurationList = 70C844C02219874300E76683 /* Build configuration list for PBXNativeTarget "UXSketchLabelTests" */;
			buildPhases = (
				70C844B72219874300E76683 /* Sources */,
				70C844B82219874300E76683 /* Frameworks */,
				70C844B92219874300E76683 /* Resources */,
			);
			buildRules = (
			);
			dependencies = (
			);
			name = UXSketchLabelTests;
			productName = UXSketchLabelTests;
			productReference = 70C844BB2219874300E76683 /* UXSketchLabelTests.xctest */;
			productType = "com.apple.product-type.bundle.unit-test";
		};
/* End PBXNativeTarget section */

/* Begin PBXProject section */
		70C8449A221986E700E76683 /* Project object */ = {
			isa = PBXProject;
			attributes = {
				LastSwiftUpdateCheck = 1010;
				LastUpgradeCheck = 1010;
				ORGANIZATIONNAME = "Christian Schnorr";
				TargetAttributes = {
					70C844A1221986E700E76683 = {
						CreatedOnToolsVersion = 10.1;
					};
					70C844BA2219874300E76683 = {
						CreatedOnToolsVersion = 10.1;
					};
				};
			};
			buildConfigurationList = 70C8449D221986E700E76683 /* Build configuration list for PBXProject "UXSketchLabel" */;
			compatibilityVersion = "Xcode 9.3";
			developmentRegion = en;
			hasScannedForEncodings = 0;
			knownRegions = (
				en,
				Base,
			);
			mainGroup = 70C84499221986E700E76683;
			productRefGroup = 70C844A3221986E700E76683 /* Products */;
			projectDirPath = "";
			projectRoot = "";
			targets = (
				70C844A1221986E700E76683 /* UXSketchLabel */,
				70C844BA2219874300E76683 /* UXSketchLabelTests */,
			);
		};
/* End PBXProject section */

/* Begin PBXResourcesBuildPhase section */
		70C844A0221986E700E76683 /* Resources */ = {
			isa = PBXResourcesBuildPhase;
			buildActionMask = 2147483647;
			files = (
				70C844B0221986E800E76683 /* LaunchScreen.storyboard in Resources */,
				70C844AD221986E800E76683 /* Assets.xcassets in Resources */,
			);
			runOnlyForDeploymentPostprocessing = 0;
		};
		70C844B92219874300E76683 /* Resources */ = {
			isa = PBXResourcesBuildPhase;
			buildActionMask = 2147483647;
			files = (
				70C8450122198A8D00E76683 /* HelveticaNeue.ttc in Resources */,
				70E5F8B6221A24490012C64A /* SanFrancisco-Text.otf in Resources */,
				70E5F8B8221A244F0012C64A /* SanFrancisco-Display.otf in Resources */,
				70E5F8BA221A24550012C64A /* Lato.ttf in Resources */,
				70FCC166221A35DE0071E7A9 /* HelveticaNeue-LineHeight.csv in Resources */,
				70FCC162221A35DE0071E7A9 /* HelveticaNeue-BaselineNatural.csv in Resources */,
				70FCC15B221A35DE0071E7A9 /* HelveticaNeue-BaselineExplicit.csv in Resources */,
				70FCC167221A35DE0071E7A9 /* SanFrancisco-Text-LineHeight.csv in Resources */,
				70FCC15C221A35DE0071E7A9 /* SanFrancisco-Text-BaselineNatural.csv in Resources */,
				70FCC164221A35DE0071E7A9 /* SanFrancisco-Text-BaselineExplicit.csv in Resources */,
				70FCC163221A35DE0071E7A9 /* SanFrancisco-Display-LineHeight.csv in Resources */,
				70FCC15A221A35DE0071E7A9 /* SanFrancisco-Display-BaselineNatural.csv in Resources */,
				70FCC15F221A35DE0071E7A9 /* SanFrancisco-Display-BaselineExplicit.csv in Resources */,
				70FCC15D221A35DE0071E7A9 /* Lato-LineHeight.csv in Resources */,
				70FCC15E221A35DE0071E7A9 /* Lato-BaselineNatural.csv in Resources */,
				70FCC159221A35DE0071E7A9 /* Lato-BaselineExplicit.csv in Resources */,
			);
			runOnlyForDeploymentPostprocessing = 0;
		};
/* End PBXResourcesBuildPhase section */

/* Begin PBXSourcesBuildPhase section */
		70C8449E221986E700E76683 /* Sources */ = {
			isa = PBXSourcesBuildPhase;
			buildActionMask = 2147483647;
			files = (
				70C844A8221986E700E76683 /* ViewController.swift in Sources */,
				70C844A6221986E700E76683 /* AppDelegate.swift in Sources */,
			);
			runOnlyForDeploymentPostprocessing = 0;
		};
		70C844B72219874300E76683 /* Sources */ = {
			isa = PBXSourcesBuildPhase;
			buildActionMask = 2147483647;
			files = (
				70E5F8A6221A186C0012C64A /* PredictionVerifier.swift in Sources */,
				70C844BE2219874300E76683 /* UXSketchLabelTests.swift in Sources */,
				70E5F8A4221A18660012C64A /* BaselinePredictions.swift in Sources */,
				70E5F8A2221A13FB0012C64A /* FontFactory.swift in Sources */,
			);
			runOnlyForDeploymentPostprocessing = 0;
		};
/* End PBXSourcesBuildPhase section */

/* Begin PBXVariantGroup section */
		70C844AE221986E800E76683 /* LaunchScreen.storyboard */ = {
			isa = PBXVariantGroup;
			children = (
				70C844AF221986E800E76683 /* Base */,
			);
			name = LaunchScreen.storyboard;
			sourceTree = "<group>";
		};
/* End PBXVariantGroup section */

/* Begin XCBuildConfiguration section */
		70C844B2221986E800E76683 /* Debug */ = {
			isa = XCBuildConfiguration;
			buildSettings = {
				ALWAYS_SEARCH_USER_PATHS = NO;
				CLANG_ANALYZER_NONNULL = YES;
				CLANG_ANALYZER_NUMBER_OBJECT_CONVERSION = YES_AGGRESSIVE;
				CLANG_CXX_LANGUAGE_STANDARD = "gnu++14";
				CLANG_CXX_LIBRARY = "libc++";
				CLANG_ENABLE_MODULES = YES;
				CLANG_ENABLE_OBJC_ARC = YES;
				CLANG_ENABLE_OBJC_WEAK = YES;
				CLANG_WARN_BLOCK_CAPTURE_AUTORELEASING = YES;
				CLANG_WARN_BOOL_CONVERSION = YES;
				CLANG_WARN_COMMA = YES;
				CLANG_WARN_CONSTANT_CONVERSION = YES;
				CLANG_WARN_DEPRECATED_OBJC_IMPLEMENTATIONS = YES;
				CLANG_WARN_DIRECT_OBJC_ISA_USAGE = YES_ERROR;
				CLANG_WARN_DOCUMENTATION_COMMENTS = YES;
				CLANG_WARN_EMPTY_BODY = YES;
				CLANG_WARN_ENUM_CONVERSION = YES;
				CLANG_WARN_INFINITE_RECURSION = YES;
				CLANG_WARN_INT_CONVERSION = YES;
				CLANG_WARN_NON_LITERAL_NULL_CONVERSION = YES;
				CLANG_WARN_OBJC_IMPLICIT_RETAIN_SELF = YES;
				CLANG_WARN_OBJC_LITERAL_CONVERSION = YES;
				CLANG_WARN_OBJC_ROOT_CLASS = YES_ERROR;
				CLANG_WARN_RANGE_LOOP_ANALYSIS = YES;
				CLANG_WARN_STRICT_PROTOTYPES = YES;
				CLANG_WARN_SUSPICIOUS_MOVE = YES;
				CLANG_WARN_UNGUARDED_AVAILABILITY = YES_AGGRESSIVE;
				CLANG_WARN_UNREACHABLE_CODE = YES;
				CLANG_WARN__DUPLICATE_METHOD_MATCH = YES;
				CODE_SIGN_IDENTITY = "iPhone Developer";
				COPY_PHASE_STRIP = NO;
				DEBUG_INFORMATION_FORMAT = dwarf;
				ENABLE_STRICT_OBJC_MSGSEND = YES;
				ENABLE_TESTABILITY = YES;
				GCC_C_LANGUAGE_STANDARD = gnu11;
				GCC_DYNAMIC_NO_PIC = NO;
				GCC_NO_COMMON_BLOCKS = YES;
				GCC_OPTIMIZATION_LEVEL = 0;
				GCC_PREPROCESSOR_DEFINITIONS = (
					"DEBUG=1",
					"$(inherited)",
				);
				GCC_WARN_64_TO_32_BIT_CONVERSION = YES;
				GCC_WARN_ABOUT_RETURN_TYPE = YES_ERROR;
				GCC_WARN_UNDECLARED_SELECTOR = YES;
				GCC_WARN_UNINITIALIZED_AUTOS = YES_AGGRESSIVE;
				GCC_WARN_UNUSED_FUNCTION = YES;
				GCC_WARN_UNUSED_VARIABLE = YES;
				IPHONEOS_DEPLOYMENT_TARGET = 12.1;
				MTL_ENABLE_DEBUG_INFO = INCLUDE_SOURCE;
				MTL_FAST_MATH = YES;
				ONLY_ACTIVE_ARCH = YES;
				SDKROOT = iphoneos;
				SWIFT_ACTIVE_COMPILATION_CONDITIONS = DEBUG;
				SWIFT_OPTIMIZATION_LEVEL = "-Onone";
			};
			name = Debug;
		};
		70C844B3221986E800E76683 /* Release */ = {
			isa = XCBuildConfiguration;
			buildSettings = {
				ALWAYS_SEARCH_USER_PATHS = NO;
				CLANG_ANALYZER_NONNULL = YES;
				CLANG_ANALYZER_NUMBER_OBJECT_CONVERSION = YES_AGGRESSIVE;
				CLANG_CXX_LANGUAGE_STANDARD = "gnu++14";
				CLANG_CXX_LIBRARY = "libc++";
				CLANG_ENABLE_MODULES = YES;
				CLANG_ENABLE_OBJC_ARC = YES;
				CLANG_ENABLE_OBJC_WEAK = YES;
				CLANG_WARN_BLOCK_CAPTURE_AUTORELEASING = YES;
				CLANG_WARN_BOOL_CONVERSION = YES;
				CLANG_WARN_COMMA = YES;
				CLANG_WARN_CONSTANT_CONVERSION = YES;
				CLANG_WARN_DEPRECATED_OBJC_IMPLEMENTATIONS = YES;
				CLANG_WARN_DIRECT_OBJC_ISA_USAGE = YES_ERROR;
				CLANG_WARN_DOCUMENTATION_COMMENTS = YES;
				CLANG_WARN_EMPTY_BODY = YES;
				CLANG_WARN_ENUM_CONVERSION = YES;
				CLANG_WARN_INFINITE_RECURSION = YES;
				CLANG_WARN_INT_CONVERSION = YES;
				CLANG_WARN_NON_LITERAL_NULL_CONVERSION = YES;
				CLANG_WARN_OBJC_IMPLICIT_RETAIN_SELF = YES;
				CLANG_WARN_OBJC_LITERAL_CONVERSION = YES;
				CLANG_WARN_OBJC_ROOT_CLASS = YES_ERROR;
				CLANG_WARN_RANGE_LOOP_ANALYSIS = YES;
				CLANG_WARN_STRICT_PROTOTYPES = YES;
				CLANG_WARN_SUSPICIOUS_MOVE = YES;
				CLANG_WARN_UNGUARDED_AVAILABILITY = YES_AGGRESSIVE;
				CLANG_WARN_UNREACHABLE_CODE = YES;
				CLANG_WARN__DUPLICATE_METHOD_MATCH = YES;
				CODE_SIGN_IDENTITY = "iPhone Developer";
				COPY_PHASE_STRIP = NO;
				DEBUG_INFORMATION_FORMAT = "dwarf-with-dsym";
				ENABLE_NS_ASSERTIONS = NO;
				ENABLE_STRICT_OBJC_MSGSEND = YES;
				GCC_C_LANGUAGE_STANDARD = gnu11;
				GCC_NO_COMMON_BLOCKS = YES;
				GCC_WARN_64_TO_32_BIT_CONVERSION = YES;
				GCC_WARN_ABOUT_RETURN_TYPE = YES_ERROR;
				GCC_WARN_UNDECLARED_SELECTOR = YES;
				GCC_WARN_UNINITIALIZED_AUTOS = YES_AGGRESSIVE;
				GCC_WARN_UNUSED_FUNCTION = YES;
				GCC_WARN_UNUSED_VARIABLE = YES;
				IPHONEOS_DEPLOYMENT_TARGET = 12.1;
				MTL_ENABLE_DEBUG_INFO = NO;
				MTL_FAST_MATH = YES;
				SDKROOT = iphoneos;
				SWIFT_COMPILATION_MODE = wholemodule;
				SWIFT_OPTIMIZATION_LEVEL = "-O";
				VALIDATE_PRODUCT = YES;
			};
			name = Release;
		};
		70C844B5221986E800E76683 /* Debug */ = {
			isa = XCBuildConfiguration;
			buildSettings = {
				ASSETCATALOG_COMPILER_APPICON_NAME = AppIcon;
				CODE_SIGN_STYLE = Automatic;
				INFOPLIST_FILE = "$(SRCROOT)/Other/Info.plist";
				LD_RUNPATH_SEARCH_PATHS = (
					"$(inherited)",
					"@executable_path/Frameworks",
				);
				PRODUCT_BUNDLE_IDENTIFIER = net.jenox.UXSketchLabel;
				PRODUCT_NAME = "$(TARGET_NAME)";
				SWIFT_VERSION = 4.2;
				TARGETED_DEVICE_FAMILY = "1,2";
			};
			name = Debug;
		};
		70C844B6221986E800E76683 /* Release */ = {
			isa = XCBuildConfiguration;
			buildSettings = {
				ASSETCATALOG_COMPILER_APPICON_NAME = AppIcon;
				CODE_SIGN_STYLE = Automatic;
				INFOPLIST_FILE = "$(SRCROOT)/Other/Info.plist";
				LD_RUNPATH_SEARCH_PATHS = (
					"$(inherited)",
					"@executable_path/Frameworks",
				);
				PRODUCT_BUNDLE_IDENTIFIER = net.jenox.UXSketchLabel;
				PRODUCT_NAME = "$(TARGET_NAME)";
				SWIFT_VERSION = 4.2;
				TARGETED_DEVICE_FAMILY = "1,2";
			};
			name = Release;
		};
		70C844C12219874300E76683 /* Debug */ = {
			isa = XCBuildConfiguration;
			buildSettings = {
				CODE_SIGN_IDENTITY = "-";
				CODE_SIGN_STYLE = Automatic;
				COMBINE_HIDPI_IMAGES = YES;
				INFOPLIST_FILE = Tests/Info.plist;
				LD_RUNPATH_SEARCH_PATHS = (
					"$(inherited)",
					"@executable_path/../Frameworks",
					"@loader_path/../Frameworks",
				);
				MACOSX_DEPLOYMENT_TARGET = 10.14;
				PRODUCT_BUNDLE_IDENTIFIER = net.jenox.UXSketchLabelTests;
				PRODUCT_NAME = "$(TARGET_NAME)";
				SDKROOT = macosx;
				SWIFT_VERSION = 4.2;
			};
			name = Debug;
		};
		70C844C22219874300E76683 /* Release */ = {
			isa = XCBuildConfiguration;
			buildSettings = {
				CODE_SIGN_IDENTITY = "-";
				CODE_SIGN_STYLE = Automatic;
				COMBINE_HIDPI_IMAGES = YES;
				INFOPLIST_FILE = Tests/Info.plist;
				LD_RUNPATH_SEARCH_PATHS = (
					"$(inherited)",
					"@executable_path/../Frameworks",
					"@loader_path/../Frameworks",
				);
				MACOSX_DEPLOYMENT_TARGET = 10.14;
				PRODUCT_BUNDLE_IDENTIFIER = net.jenox.UXSketchLabelTests;
				PRODUCT_NAME = "$(TARGET_NAME)";
				SDKROOT = macosx;
				SWIFT_VERSION = 4.2;
			};
			name = Release;
		};
/* End XCBuildConfiguration section */

/* Begin XCConfigurationList section */
		70C8449D221986E700E76683 /* Build configuration list for PBXProject "UXSketchLabel" */ = {
			isa = XCConfigurationList;
			buildConfigurations = (
				70C844B2221986E800E76683 /* Debug */,
				70C844B3221986E800E76683 /* Release */,
			);
			defaultConfigurationIsVisible = 0;
			defaultConfigurationName = Release;
		};
		70C844B4221986E800E76683 /* Build configuration list for PBXNativeTarget "UXSketchLabel" */ = {
			isa = XCConfigurationList;
			buildConfigurations = (
				70C844B5221986E800E76683 /* Debug */,
				70C844B6221986E800E76683 /* Release */,
			);
			defaultConfigurationIsVisible = 0;
			defaultConfigurationName = Release;
		};
		70C844C02219874300E76683 /* Build configuration list for PBXNativeTarget "UXSketchLabelTests" */ = {
			isa = XCConfigurationList;
			buildConfigurations = (
				70C844C12219874300E76683 /* Debug */,
				70C844C22219874300E76683 /* Release */,
			);
			defaultConfigurationIsVisible = 0;
			defaultConfigurationName = Release;
		};
/* End XCConfigurationList section */
	};
	rootObject = 70C8449A221986E700E76683 /* Project object */;
}
